
Microsoft Visual Studio Solution File, Format Version 12.00
# Visual Studio Version 17
VisualStudioVersion = 17.4.33110.190
MinimumVisualStudioVersion = 10.0.40219.1
Project("{9A19103F-16F7-4668-BE54-9A1E7A4F7556}") = "Omega-Sudoku", "Omega-Sudoku/Omega-Sudoku.csproj", "{DB6C757D-D4E6-462A-9C19-E31C1D8AB2C7}"
EndProject
Project("{FAE04EC0-301F-11D3-BF4B-00C04F79EFBC}") = "SudokuTesting", "SudokuTesting/SudokuTesting.csproj", "{0CCD6D89-5E79-4398-B124-A731E2347C4F}"
EndProject
Global
	GlobalSection(SolutionConfigurationPlatforms) = preSolution
		Debug|Any CPU = Debug|Any CPU
		Release|Any CPU = Release|Any CPU
	EndGlobalSection
	GlobalSection(ProjectConfigurationPlatforms) = postSolution
		{DB6C757D-D4E6-462A-9C19-E31C1D8AB2C7}.Debug|Any CPU.ActiveCfg = Debug|Any CPU
		{DB6C757D-D4E6-462A-9C19-E31C1D8AB2C7}.Debug|Any CPU.Build.0 = Debug|Any CPU
		{DB6C757D-D4E6-462A-9C19-E31C1D8AB2C7}.Release|Any CPU.ActiveCfg = Release|Any CPU
		{DB6C757D-D4E6-462A-9C19-E31C1D8AB2C7}.Release|Any CPU.Build.0 = Release|Any CPU
		{0CCD6D89-5E79-4398-B124-A731E2347C4F}.Debug|Any CPU.ActiveCfg = Debug|Any CPU
		{0CCD6D89-5E79-4398-B124-A731E2347C4F}.Debug|Any CPU.Build.0 = Debug|Any CPU
		{0CCD6D89-5E79-4398-B124-A731E2347C4F}.Release|Any CPU.ActiveCfg = Release|Any CPU
		{0CCD6D89-5E79-4398-B124-A731E2347C4F}.Release|Any CPU.Build.0 = Release|Any CPU
	EndGlobalSection
	GlobalSection(SolutionProperties) = preSolution
		HideSolutionNode = FALSE
	EndGlobalSection
	GlobalSection(ExtensibilityGlobals) = postSolution
		SolutionGuid = {492957B2-F1CE-4564-82E7-C675FA01D3CA}
	EndGlobalSection
EndGlobal
